
Microsoft Visual Studio Solution File, Format Version 12.00
# Visual Studio 2013
VisualStudioVersion = 12.0.30723.0
MinimumVisualStudioVersion = 10.0.40219.1
Project("{F2A71F9B-5D33-465A-A702-920D77279786}") = "Problem1", "Problem1\Problem1.fsproj", "{6715036B-7574-416E-91A8-C63F9FB9B16B}"
EndProject
Project("{F2A71F9B-5D33-465A-A702-920D77279786}") = "Problem2", "Problem2\Problem2.fsproj", "{9FC7DA62-3219-4A80-B6BC-6D3AD0350CB2}"
EndProject
Project("{F2A71F9B-5D33-465A-A702-920D77279786}") = "Problem3", "Problem3\Problem3.fsproj", "{D9C92FDD-676C-48D3-BD98-A19AFE0F98A8}"
EndProject
Project("{F2A71F9B-5D33-465A-A702-920D77279786}") = "Problem4", "Problem4\Problem4.fsproj", "{397C6261-AE79-4C2F-B3F7-0E88499A5B4E}"
EndProject
Project("{F2A71F9B-5D33-465A-A702-920D77279786}") = "Problem5", "Problem5\Problem5.fsproj", "{C2C4104B-4508-4504-9A44-F980994DCCCB}"
EndProject
Global
	GlobalSection(SolutionConfigurationPlatforms) = preSolution
		Debug|Any CPU = Debug|Any CPU
		Release|Any CPU = Release|Any CPU
	EndGlobalSection
	GlobalSection(ProjectConfigurationPlatforms) = postSolution
		{6715036B-7574-416E-91A8-C63F9FB9B16B}.Debug|Any CPU.ActiveCfg = Debug|Any CPU
		{6715036B-7574-416E-91A8-C63F9FB9B16B}.Debug|Any CPU.Build.0 = Debug|Any CPU
		{6715036B-7574-416E-91A8-C63F9FB9B16B}.Release|Any CPU.ActiveCfg = Release|Any CPU
		{6715036B-7574-416E-91A8-C63F9FB9B16B}.Release|Any CPU.Build.0 = Release|Any CPU
		{9FC7DA62-3219-4A80-B6BC-6D3AD0350CB2}.Debug|Any CPU.ActiveCfg = Debug|Any CPU
		{9FC7DA62-3219-4A80-B6BC-6D3AD0350CB2}.Debug|Any CPU.Build.0 = Debug|Any CPU
		{9FC7DA62-3219-4A80-B6BC-6D3AD0350CB2}.Release|Any CPU.ActiveCfg = Release|Any CPU
		{9FC7DA62-3219-4A80-B6BC-6D3AD0350CB2}.Release|Any CPU.Build.0 = Release|Any CPU
		{D9C92FDD-676C-48D3-BD98-A19AFE0F98A8}.Debug|Any CPU.ActiveCfg = Debug|Any CPU
		{D9C92FDD-676C-48D3-BD98-A19AFE0F98A8}.Debug|Any CPU.Build.0 = Debug|Any CPU
		{D9C92FDD-676C-48D3-BD98-A19AFE0F98A8}.Release|Any CPU.ActiveCfg = Release|Any CPU
		{D9C92FDD-676C-48D3-BD98-A19AFE0F98A8}.Release|Any CPU.Build.0 = Release|Any CPU
		{397C6261-AE79-4C2F-B3F7-0E88499A5B4E}.Debug|Any CPU.ActiveCfg = Debug|Any CPU
		{397C6261-AE79-4C2F-B3F7-0E88499A5B4E}.Debug|Any CPU.Build.0 = Debug|Any CPU
		{397C6261-AE79-4C2F-B3F7-0E88499A5B4E}.Release|Any CPU.ActiveCfg = Release|Any CPU
		{397C6261-AE79-4C2F-B3F7-0E88499A5B4E}.Release|Any CPU.Build.0 = Release|Any CPU
		{C2C4104B-4508-4504-9A44-F980994DCCCB}.Debug|Any CPU.ActiveCfg = Debug|Any CPU
		{C2C4104B-4508-4504-9A44-F980994DCCCB}.Debug|Any CPU.Build.0 = Debug|Any CPU
		{C2C4104B-4508-4504-9A44-F980994DCCCB}.Release|Any CPU.ActiveCfg = Release|Any CPU
		{C2C4104B-4508-4504-9A44-F980994DCCCB}.Release|Any CPU.Build.0 = Release|Any CPU
	EndGlobalSection
	GlobalSection(SolutionProperties) = preSolution
		HideSolutionNode = FALSE
	EndGlobalSection
EndGlobal
